
Microsoft Visual Studio Solution File, Format Version 12.00
# Visual Studio Version 17
VisualStudioVersion = 17.3.32929.385
MinimumVisualStudioVersion = 10.0.40219.1
Project("{FAE04EC0-301F-11D3-BF4B-00C04F79EFBC}") = "AllInOne", "AllInOne\AllInOne.csproj", "{28E3BFE4-F625-4404-A857-DB443466E159}"
EndProject
Project("{FAE04EC0-301F-11D3-BF4B-00C04F79EFBC}") = "SMPAHG", "..\SMPAHG\SMPAHG\SMPAHG.csproj", "{E7192D15-753E-4E8C-B1E0-C7DFF0B6DB02}"
EndProject
Project("{FAE04EC0-301F-11D3-BF4B-00C04F79EFBC}") = "SMPArchotechImplants", "..\SMPArchotechImplants\SMPArchotechImplants\SMPArchotechImplants.csproj", "{9316117B-96A8-42AD-AFCA-366074653ACE}"
EndProject
Project("{FAE04EC0-301F-11D3-BF4B-00C04F79EFBC}") = "SMPHT", "..\SMPHT\SMPHT\SMPHT.csproj", "{020DCF65-A72C-4F3E-A1B6-60BA92A00196}"
EndProject
Global
	GlobalSection(SolutionConfigurationPlatforms) = preSolution
		Debug|Any CPU = Debug|Any CPU
		Release|Any CPU = Release|Any CPU
	EndGlobalSection
	GlobalSection(ProjectConfigurationPlatforms) = postSolution
		{28E3BFE4-F625-4404-A857-DB443466E159}.Debug|Any CPU.ActiveCfg = Debug|Any CPU
		{28E3BFE4-F625-4404-A857-DB443466E159}.Debug|Any CPU.Build.0 = Debug|Any CPU
		{28E3BFE4-F625-4404-A857-DB443466E159}.Release|Any CPU.ActiveCfg = Release|Any CPU
		{28E3BFE4-F625-4404-A857-DB443466E159}.Release|Any CPU.Build.0 = Release|Any CPU
		{E7192D15-753E-4E8C-B1E0-C7DFF0B6DB02}.Debug|Any CPU.ActiveCfg = Debug|Any CPU
		{E7192D15-753E-4E8C-B1E0-C7DFF0B6DB02}.Debug|Any CPU.Build.0 = Debug|Any CPU
		{E7192D15-753E-4E8C-B1E0-C7DFF0B6DB02}.Release|Any CPU.ActiveCfg = Release|Any CPU
		{E7192D15-753E-4E8C-B1E0-C7DFF0B6DB02}.Release|Any CPU.Build.0 = Release|Any CPU
		{9316117B-96A8-42AD-AFCA-366074653ACE}.Debug|Any CPU.ActiveCfg = Debug|Any CPU
		{9316117B-96A8-42AD-AFCA-366074653ACE}.Debug|Any CPU.Build.0 = Debug|Any CPU
		{9316117B-96A8-42AD-AFCA-366074653ACE}.Release|Any CPU.ActiveCfg = Release|Any CPU
		{9316117B-96A8-42AD-AFCA-366074653ACE}.Release|Any CPU.Build.0 = Release|Any CPU
		{020DCF65-A72C-4F3E-A1B6-60BA92A00196}.Debug|Any CPU.ActiveCfg = Debug|Any CPU
		{020DCF65-A72C-4F3E-A1B6-60BA92A00196}.Debug|Any CPU.Build.0 = Debug|Any CPU
		{020DCF65-A72C-4F3E-A1B6-60BA92A00196}.Release|Any CPU.ActiveCfg = Release|Any CPU
		{020DCF65-A72C-4F3E-A1B6-60BA92A00196}.Release|Any CPU.Build.0 = Release|Any CPU
	EndGlobalSection
	GlobalSection(SolutionProperties) = preSolution
		HideSolutionNode = FALSE
	EndGlobalSection
	GlobalSection(ExtensibilityGlobals) = postSolution
		SolutionGuid = {424CEB52-D352-435E-8F8A-7A9377764BB6}
	EndGlobalSection
EndGlobal
